// !$*UTF8*$!
{
	archiveVersion = 1;
	classes = {
	};
	objectVersion = 50;
	objects = {

/* Begin PBXBuildFile section */
		C01E49312436CFA800936835 /* AppDelegate.swift in Sources */ = {isa = PBXBuildFile; fileRef = C01E49302436CFA800936835 /* AppDelegate.swift */; };
		C01E49352436CFA800936835 /* ViewController.swift in Sources */ = {isa = PBXBuildFile; fileRef = C01E49342436CFA800936835 /* ViewController.swift */; };
		C01E493A2436CFAA00936835 /* Assets.xcassets in Resources */ = {isa = PBXBuildFile; fileRef = C01E49392436CFAA00936835 /* Assets.xcassets */; };
		C01E493D2436CFAA00936835 /* LaunchScreen.storyboard in Resources */ = {isa = PBXBuildFile; fileRef = C01E493B2436CFAA00936835 /* LaunchScreen.storyboard */; };
		C01E495B243D551200936835 /* ShakingRingViewController.swift in Sources */ = {isa = PBXBuildFile; fileRef = C01E495A243D551200936835 /* ShakingRingViewController.swift */; };
		C01E495D243D557800936835 /* AnsweringViewController.swift in Sources */ = {isa = PBXBuildFile; fileRef = C01E495C243D557800936835 /* AnsweringViewController.swift */; };
		C01E495F243D5D5B00936835 /* Helper.swift in Sources */ = {isa = PBXBuildFile; fileRef = C01E495E243D5D5B00936835 /* Helper.swift */; };
		C01E4961243EBFBC00936835 /* Speaking1ViewController.swift in Sources */ = {isa = PBXBuildFile; fileRef = C01E4960243EBFBC00936835 /* Speaking1ViewController.swift */; };
/* End PBXBuildFile section */

/* Begin PBXFileReference section */
		C01E492D2436CFA800936835 /* TestCAAnimation.app */ = {isa = PBXFileReference; explicitFileType = wrapper.application; includeInIndex = 0; path = TestCAAnimation.app; sourceTree = BUILT_PRODUCTS_DIR; };
		C01E49302436CFA800936835 /* AppDelegate.swift */ = {isa = PBXFileReference; lastKnownFileType = sourcecode.swift; path = AppDelegate.swift; sourceTree = "<group>"; };
		C01E49342436CFA800936835 /* ViewController.swift */ = {isa = PBXFileReference; lastKnownFileType = sourcecode.swift; path = ViewController.swift; sourceTree = "<group>"; };
		C01E49392436CFAA00936835 /* Assets.xcassets */ = {isa = PBXFileReference; lastKnownFileType = folder.assetcatalog; path = Assets.xcassets; sourceTree = "<group>"; };
		C01E493C2436CFAA00936835 /* Base */ = {isa = PBXFileReference; lastKnownFileType = file.storyboard; name = Base; path = Base.lproj/LaunchScreen.storyboard; sourceTree = "<group>"; };
		C01E493E2436CFAA00936835 /* Info.plist */ = {isa = PBXFileReference; lastKnownFileType = text.plist.xml; path = Info.plist; sourceTree = "<group>"; };
		C01E495A243D551200936835 /* ShakingRingViewController.swift */ = {isa = PBXFileReference; lastKnownFileType = sourcecode.swift; path = ShakingRingViewController.swift; sourceTree = "<group>"; };
		C01E495C243D557800936835 /* AnsweringViewController.swift */ = {isa = PBXFileReference; lastKnownFileType = sourcecode.swift; path = AnsweringViewController.swift; sourceTree = "<group>"; };
		C01E495E243D5D5B00936835 /* Helper.swift */ = {isa = PBXFileReference; lastKnownFileType = sourcecode.swift; path = Helper.swift; sourceTree = "<group>"; };
		C01E4960243EBFBC00936835 /* Speaking1ViewController.swift */ = {isa = PBXFileReference; lastKnownFileType = sourcecode.swift; path = Speaking1ViewController.swift; sourceTree = "<group>"; };
/* End PBXFileReference section */

/* Begin PBXFrameworksBuildPhase section */
		C01E492A2436CFA800936835 /* Frameworks */ = {
			isa = PBXFrameworksBuildPhase;
			buildActionMask = 2147483647;
			files = (
			);
			runOnlyForDeploymentPostprocessing = 0;
		};
/* End PBXFrameworksBuildPhase section */

/* Begin PBXGroup section */
		C01E49242436CFA800936835 = {
			isa = PBXGroup;
			children = (
				C01E492F2436CFA800936835 /* TestCAAnimation */,
				C01E492E2436CFA800936835 /* Products */,
			);
			sourceTree = "<group>";
		};
		C01E492E2436CFA800936835 /* Products */ = {
			isa = PBXGroup;
			children = (
				C01E492D2436CFA800936835 /* TestCAAnimation.app */,
			);
			name = Products;
			sourceTree = "<group>";
		};
		C01E492F2436CFA800936835 /* TestCAAnimation */ = {
			isa = PBXGroup;
			children = (
				C01E49302436CFA800936835 /* AppDelegate.swift */,
				C01E49342436CFA800936835 /* ViewController.swift */,
				C01E495A243D551200936835 /* ShakingRingViewController.swift */,
				C01E495C243D557800936835 /* AnsweringViewController.swift */,
				C01E4960243EBFBC00936835 /* Speaking1ViewController.swift */,
				C01E495E243D5D5B00936835 /* Helper.swift */,
				C01E49392436CFAA00936835 /* Assets.xcassets */,
				C01E493B2436CFAA00936835 /* LaunchScreen.storyboard */,
				C01E493E2436CFAA00936835 /* Info.plist */,
			);
			path = TestCAAnimation;
			sourceTree = "<group>";
		};
/* End PBXGroup section */

/* Begin PBXNativeTarget section */
		C01E492C2436CFA800936835 /* TestCAAnimation */ = {
			isa = PBXNativeTarget;
			buildConfigurationList = C01E49412436CFAA00936835 /* Build configuration list for PBXNativeTarget "TestCAAnimation" */;
			buildPhases = (
				C01E49292436CFA800936835 /* Sources */,
				C01E492A2436CFA800936835 /* Frameworks */,
				C01E492B2436CFA800936835 /* Resources */,
			);
			buildRules = (
			);
			dependencies = (
			);
			name = TestCAAnimation;
			productName = TestCAAnimation;
			productReference = C01E492D2436CFA800936835 /* TestCAAnimation.app */;
			productType = "com.apple.product-type.application";
		};
/* End PBXNativeTarget section */

/* Begin PBXProject section */
		C01E49252436CFA800936835 /* Project object */ = {
			isa = PBXProject;
			attributes = {
				LastSwiftUpdateCheck = 1120;
				LastUpgradeCheck = 1120;
				ORGANIZATIONNAME = ken.zhang;
				TargetAttributes = {
					C01E492C2436CFA800936835 = {
						CreatedOnToolsVersion = 11.2.1;
					};
				};
			};
			buildConfigurationList = C01E49282436CFA800936835 /* Build configuration list for PBXProject "TestCAAnimation" */;
			compatibilityVersion = "Xcode 9.3";
			developmentRegion = en;
			hasScannedForEncodings = 0;
			knownRegions = (
				en,
				Base,
			);
			mainGroup = C01E49242436CFA800936835;
			productRefGroup = C01E492E2436CFA800936835 /* Products */;
			projectDirPath = "";
			projectRoot = "";
			targets = (
				C01E492C2436CFA800936835 /* TestCAAnimation */,
			);
		};
/* End PBXProject section */

/* Begin PBXResourcesBuildPhase section */
		C01E492B2436CFA800936835 /* Resources */ = {
			isa = PBXResourcesBuildPhase;
			buildActionMask = 2147483647;
			files = (
				C01E493D2436CFAA00936835 /* LaunchScreen.storyboard in Resources */,
				C01E493A2436CFAA00936835 /* Assets.xcassets in Resources */,
			);
			runOnlyForDeploymentPostprocessing = 0;
		};
/* End PBXResourcesBuildPhase section */

/* Begin PBXSourcesBuildPhase section */
		C01E49292436CFA800936835 /* Sources */ = {
			isa = PBXSourcesBuildPhase;
			buildActionMask = 2147483647;
			files = (
				C01E49352436CFA800936835 /* ViewController.swift in Sources */,
				C01E495D243D557800936835 /* AnsweringViewController.swift in Sources */,
				C01E4961243EBFBC00936835 /* Speaking1ViewController.swift in Sources */,
				C01E495F243D5D5B00936835 /* Helper.swift in Sources */,
				C01E495B243D551200936835 /* ShakingRingViewController.swift in Sources */,
				C01E49312436CFA800936835 /* AppDelegate.swift in Sources */,
			);
			runOnlyForDeploymentPostprocessing = 0;
		};
/* End PBXSourcesBuildPhase section */

/* Begin PBXVariantGroup section */
		C01E493B2436CFAA00936835 /* LaunchScreen.storyboard */ = {
			isa = PBXVariantGroup;
			children = (
				C01E493C2436CFAA00936835 /* Base */,
			);
			name = LaunchScreen.storyboard;
			sourceTree = "<group>";
		};
/* End PBXVariantGroup section */

/* Begin XCBuildConfiguration section */
		C01E493F2436CFAA00936835 /* Debug */ = {
			isa = XCBuildConfiguration;
			buildSettings = {
				ALWAYS_SEARCH_USER_PATHS = NO;
				CLANG_ANALYZER_NONNULL = YES;
				CLANG_ANALYZER_NUMBER_OBJECT_CONVERSION = YES_AGGRESSIVE;
				CLANG_CXX_LANGUAGE_STANDARD = "gnu++14";
				CLANG_CXX_LIBRARY = "libc++";
				CLANG_ENABLE_MODULES = YES;
				CLANG_ENABLE_OBJC_ARC = YES;
				CLANG_ENABLE_OBJC_WEAK = YES;
				CLANG_WARN_BLOCK_CAPTURE_AUTORELEASING = YES;
				CLANG_WARN_BOOL_CONVERSION = YES;
				CLANG_WARN_COMMA = YES;
				CLANG_WARN_CONSTANT_CONVERSION = YES;
				CLANG_WARN_DEPRECATED_OBJC_IMPLEMENTATIONS = YES;
				CLANG_WARN_DIRECT_OBJC_ISA_USAGE = YES_ERROR;
				CLANG_WARN_DOCUMENTATION_COMMENTS = YES;
				CLANG_WARN_EMPTY_BODY = YES;
				CLANG_WARN_ENUM_CONVERSION = YES;
				CLANG_WARN_INFINITE_RECURSION = YES;
				CLANG_WARN_INT_CONVERSION = YES;
				CLANG_WARN_NON_LITERAL_NULL_CONVERSION = YES;
				CLANG_WARN_OBJC_IMPLICIT_RETAIN_SELF = YES;
				CLANG_WARN_OBJC_LITERAL_CONVERSION = YES;
				CLANG_WARN_OBJC_ROOT_CLASS = YES_ERROR;
				CLANG_WARN_RANGE_LOOP_ANALYSIS = YES;
				CLANG_WARN_STRICT_PROTOTYPES = YES;
				CLANG_WARN_SUSPICIOUS_MOVE = YES;
				CLANG_WARN_UNGUARDED_AVAILABILITY = YES_AGGRESSIVE;
				CLANG_WARN_UNREACHABLE_CODE = YES;
				CLANG_WARN__DUPLICATE_METHOD_MATCH = YES;
				COPY_PHASE_STRIP = NO;
				DEBUG_INFORMATION_FORMAT = dwarf;
				ENABLE_STRICT_OBJC_MSGSEND = YES;
				ENABLE_TESTABILITY = YES;
				GCC_C_LANGUAGE_STANDARD = gnu11;
				GCC_DYNAMIC_NO_PIC = NO;
				GCC_NO_COMMON_BLOCKS = YES;
				GCC_OPTIMIZATION_LEVEL = 0;
				GCC_PREPROCESSOR_DEFINITIONS = (
					"DEBUG=1",
					"$(inherited)",
				);
				GCC_WARN_64_TO_32_BIT_CONVERSION = YES;
				GCC_WARN_ABOUT_RETURN_TYPE = YES_ERROR;
				GCC_WARN_UNDECLARED_SELECTOR = YES;
				GCC_WARN_UNINITIALIZED_AUTOS = YES_AGGRESSIVE;
				GCC_WARN_UNUSED_FUNCTION = YES;
				GCC_WARN_UNUSED_VARIABLE = YES;
				IPHONEOS_DEPLOYMENT_TARGET = 13.2;
				MTL_ENABLE_DEBUG_INFO = INCLUDE_SOURCE;
				MTL_FAST_MATH = YES;
				ONLY_ACTIVE_ARCH = YES;
				SDKROOT = iphoneos;
				SWIFT_ACTIVE_COMPILATION_CONDITIONS = DEBUG;
				SWIFT_OPTIMIZATION_LEVEL = "-Onone";
			};
			name = Debug;
		};
		C01E49402436CFAA00936835 /* Release */ = {
			isa = XCBuildConfiguration;
			buildSettings = {
				ALWAYS_SEARCH_USER_PATHS = NO;
				CLANG_ANALYZER_NONNULL = YES;
				CLANG_ANALYZER_NUMBER_OBJECT_CONVERSION = YES_AGGRESSIVE;
				CLANG_CXX_LANGUAGE_STANDARD = "gnu++14";
				CLANG_CXX_LIBRARY = "libc++";
				CLANG_ENABLE_MODULES = YES;
				CLANG_ENABLE_OBJC_ARC = YES;
				CLANG_ENABLE_OBJC_WEAK = YES;
				CLANG_WARN_BLOCK_CAPTURE_AUTORELEASING = YES;
				CLANG_WARN_BOOL_CONVERSION = YES;
				CLANG_WARN_COMMA = YES;
				CLANG_WARN_CONSTANT_CONVERSION = YES;
				CLANG_WARN_DEPRECATED_OBJC_IMPLEMENTATIONS = YES;
				CLANG_WARN_DIRECT_OBJC_ISA_USAGE = YES_ERROR;
				CLANG_WARN_DOCUMENTATION_COMMENTS = YES;
				CLANG_WARN_EMPTY_BODY = YES;
				CLANG_WARN_ENUM_CONVERSION = YES;
				CLANG_WARN_INFINITE_RECURSION = YES;
				CLANG_WARN_INT_CONVERSION = YES;
				CLANG_WARN_NON_LITERAL_NULL_CONVERSION = YES;
				CLANG_WARN_OBJC_IMPLICIT_RETAIN_SELF = YES;
				CLANG_WARN_OBJC_LITERAL_CONVERSION = YES;
				CLANG_WARN_OBJC_ROOT_CLASS = YES_ERROR;
				CLANG_WARN_RANGE_LOOP_ANALYSIS = YES;
				CLANG_WARN_STRICT_PROTOTYPES = YES;
				CLANG_WARN_SUSPICIOUS_MOVE = YES;
				CLANG_WARN_UNGUARDED_AVAILABILITY = YES_AGGRESSIVE;
				CLANG_WARN_UNREACHABLE_CODE = YES;
				CLANG_WARN__DUPLICATE_METHOD_MATCH = YES;
				COPY_PHASE_STRIP = NO;
				DEBUG_INFORMATION_FORMAT = "dwarf-with-dsym";
				ENABLE_NS_ASSERTIONS = NO;
				ENABLE_STRICT_OBJC_MSGSEND = YES;
				GCC_C_LANGUAGE_STANDARD = gnu11;
				GCC_NO_COMMON_BLOCKS = YES;
				GCC_WARN_64_TO_32_BIT_CONVERSION = YES;
				GCC_WARN_ABOUT_RETURN_TYPE = YES_ERROR;
				GCC_WARN_UNDECLARED_SELECTOR = YES;
				GCC_WARN_UNINITIALIZED_AUTOS = YES_AGGRESSIVE;
				GCC_WARN_UNUSED_FUNCTION = YES;
				GCC_WARN_UNUSED_VARIABLE = YES;
				IPHONEOS_DEPLOYMENT_TARGET = 13.2;
				MTL_ENABLE_DEBUG_INFO = NO;
				MTL_FAST_MATH = YES;
				SDKROOT = iphoneos;
				SWIFT_COMPILATION_MODE = wholemodule;
				SWIFT_OPTIMIZATION_LEVEL = "-O";
				VALIDATE_PRODUCT = YES;
			};
			name = Release;
		};
		C01E49422436CFAA00936835 /* Debug */ = {
			isa = XCBuildConfiguration;
			buildSettings = {
				ASSETCATALOG_COMPILER_APPICON_NAME = AppIcon;
				CODE_SIGN_STYLE = Automatic;
				INFOPLIST_FILE = TestCAAnimation/Info.plist;
				LD_RUNPATH_SEARCH_PATHS = (
					"$(inherited)",
					"@executable_path/Frameworks",
				);
				PRODUCT_BUNDLE_IDENTIFIER = ALO7.TestCAAnimation;
				PRODUCT_NAME = "$(TARGET_NAME)";
				SWIFT_VERSION = 5.0;
				TARGETED_DEVICE_FAMILY = "1,2";
			};
			name = Debug;
		};
		C01E49432436CFAA00936835 /* Release */ = {
			isa = XCBuildConfiguration;
			buildSettings = {
				ASSETCATALOG_COMPILER_APPICON_NAME = AppIcon;
				CODE_SIGN_STYLE = Automatic;
				INFOPLIST_FILE = TestCAAnimation/Info.plist;
				LD_RUNPATH_SEARCH_PATHS = (
					"$(inherited)",
					"@executable_path/Frameworks",
				);
				PRODUCT_BUNDLE_IDENTIFIER = ALO7.TestCAAnimation;
				PRODUCT_NAME = "$(TARGET_NAME)";
				SWIFT_VERSION = 5.0;
				TARGETED_DEVICE_FAMILY = "1,2";
			};
			name = Release;
		};
/* End XCBuildConfiguration section */

/* Begin XCConfigurationList section */
		C01E49282436CFA800936835 /* Build configuration list for PBXProject "TestCAAnimation" */ = {
			isa = XCConfigurationList;
			buildConfigurations = (
				C01E493F2436CFAA00936835 /* Debug */,
				C01E49402436CFAA00936835 /* Release */,
			);
			defaultConfigurationIsVisible = 0;
			defaultConfigurationName = Release;
		};
		C01E49412436CFAA00936835 /* Build configuration list for PBXNativeTarget "TestCAAnimation" */ = {
			isa = XCConfigurationList;
			buildConfigurations = (
				C01E49422436CFAA00936835 /* Debug */,
				C01E49432436CFAA00936835 /* Release */,
			);
			defaultConfigurationIsVisible = 0;
			defaultConfigurationName = Release;
		};
/* End XCConfigurationList section */
	};
	rootObject = C01E49252436CFA800936835 /* Project object */;
}
